
Microsoft Visual Studio Solution File, Format Version 11.00
# Visual Studio 2010
Project("{FAE04EC0-301F-11D3-BF4B-00C04F79EFBC}") = "Haywire.Core", "Haywire.Core\Haywire.Core.csproj", "{4FE7953B-C59E-4CB7-891A-097906E9DAA0}"
EndProject
Project("{FAE04EC0-301F-11D3-BF4B-00C04F79EFBC}") = "Haywire.Core.Tests", "Haywire.Core.Tests\Haywire.Core.Tests.csproj", "{471D7AD0-4356-4C86-B84D-DDFDC2F89CE7}"
EndProject
Project("{2150E333-8FDC-42A3-9474-1A3956D46DE8}") = "Solution Items", "Solution Items", "{79CE7AB6-1480-45D0-8CB8-C93AB2AC692A}"
	ProjectSection(SolutionItems) = preProject
		Haywire.Core.vsmdi = Haywire.Core.vsmdi
		Local.testsettings = Local.testsettings
		TraceAndTestImpact.testsettings = TraceAndTestImpact.testsettings
	EndProjectSection
EndProject
Global
	GlobalSection(TestCaseManagementSettings) = postSolution
		CategoryFile = Haywire.Core.vsmdi
	EndGlobalSection
	GlobalSection(SolutionConfigurationPlatforms) = preSolution
		Debug|Any CPU = Debug|Any CPU
		Debug|Mixed Platforms = Debug|Mixed Platforms
		Debug|x86 = Debug|x86
		Release|Any CPU = Release|Any CPU
		Release|Mixed Platforms = Release|Mixed Platforms
		Release|x86 = Release|x86
	EndGlobalSection
	GlobalSection(ProjectConfigurationPlatforms) = postSolution
		{4FE7953B-C59E-4CB7-891A-097906E9DAA0}.Debug|Any CPU.ActiveCfg = Debug|Any CPU
		{4FE7953B-C59E-4CB7-891A-097906E9DAA0}.Debug|Any CPU.Build.0 = Debug|Any CPU
		{4FE7953B-C59E-4CB7-891A-097906E9DAA0}.Debug|Mixed Platforms.ActiveCfg = Debug|Any CPU
		{4FE7953B-C59E-4CB7-891A-097906E9DAA0}.Debug|Mixed Platforms.Build.0 = Debug|Any CPU
		{4FE7953B-C59E-4CB7-891A-097906E9DAA0}.Debug|x86.ActiveCfg = Debug|Any CPU
		{4FE7953B-C59E-4CB7-891A-097906E9DAA0}.Release|Any CPU.ActiveCfg = Release|Any CPU
		{4FE7953B-C59E-4CB7-891A-097906E9DAA0}.Release|Any CPU.Build.0 = Release|Any CPU
		{4FE7953B-C59E-4CB7-891A-097906E9DAA0}.Release|Mixed Platforms.ActiveCfg = Release|Any CPU
		{4FE7953B-C59E-4CB7-891A-097906E9DAA0}.Release|Mixed Platforms.Build.0 = Release|Any CPU
		{4FE7953B-C59E-4CB7-891A-097906E9DAA0}.Release|x86.ActiveCfg = Release|Any CPU
		{471D7AD0-4356-4C86-B84D-DDFDC2F89CE7}.Debug|Any CPU.ActiveCfg = Debug|Any CPU
		{471D7AD0-4356-4C86-B84D-DDFDC2F89CE7}.Debug|Any CPU.Build.0 = Debug|Any CPU
		{471D7AD0-4356-4C86-B84D-DDFDC2F89CE7}.Debug|Mixed Platforms.ActiveCfg = Debug|Any CPU
		{471D7AD0-4356-4C86-B84D-DDFDC2F89CE7}.Debug|Mixed Platforms.Build.0 = Debug|Any CPU
		{471D7AD0-4356-4C86-B84D-DDFDC2F89CE7}.Debug|x86.ActiveCfg = Debug|Any CPU
		{471D7AD0-4356-4C86-B84D-DDFDC2F89CE7}.Release|Any CPU.ActiveCfg = Release|Any CPU
		{471D7AD0-4356-4C86-B84D-DDFDC2F89CE7}.Release|Any CPU.Build.0 = Release|Any CPU
		{471D7AD0-4356-4C86-B84D-DDFDC2F89CE7}.Release|Mixed Platforms.ActiveCfg = Release|Any CPU
		{471D7AD0-4356-4C86-B84D-DDFDC2F89CE7}.Release|Mixed Platforms.Build.0 = Release|Any CPU
		{471D7AD0-4356-4C86-B84D-DDFDC2F89CE7}.Release|x86.ActiveCfg = Release|Any CPU
	EndGlobalSection
	GlobalSection(SolutionProperties) = preSolution
		HideSolutionNode = FALSE
	EndGlobalSection
EndGlobal
